
Microsoft Visual Studio Solution File, Format Version 12.00
# Visual Studio 14
VisualStudioVersion = 14.0.25420.1
MinimumVisualStudioVersion = 10.0.40219.1
Project("{FAE04EC0-301F-11D3-BF4B-00C04F79EFBC}") = "Problem9", "Problem9\Problem9.csproj", "{0AB28A6C-41E5-482A-982E-0C37FE9DF90E}"
EndProject
Project("{FAE04EC0-301F-11D3-BF4B-00C04F79EFBC}") = "Problem10", "Problem10\Problem10.csproj", "{D08F64B7-6F43-4B41-B48E-6880BEDF115A}"
EndProject
Project("{FAE04EC0-301F-11D3-BF4B-00C04F79EFBC}") = "Problem11", "Problem11\Problem11.csproj", "{99AC85ED-7308-46C1-9D3F-6CAE070865FA}"
EndProject
Project("{FAE04EC0-301F-11D3-BF4B-00C04F79EFBC}") = "Problem12", "Problem12\Problem12.csproj", "{CEEBCD8C-402F-4829-987B-C54BF0E78AE1}"
EndProject
Project("{FAE04EC0-301F-11D3-BF4B-00C04F79EFBC}") = "Problem13", "Problem13\Problem13.csproj", "{3F57A554-4B33-4E42-B719-7048DA5EE2CC}"
EndProject
Project("{FAE04EC0-301F-11D3-BF4B-00C04F79EFBC}") = "Problem14", "Problem14\Problem14.csproj", "{80B2517C-2050-4E97-A395-DF8F750B8BCE}"
EndProject
Project("{FAE04EC0-301F-11D3-BF4B-00C04F79EFBC}") = "Problem15", "Problem15\Problem15.csproj", "{DAE821D1-42F6-42C9-A8DC-18FE2CCE938B}"
EndProject
Project("{FAE04EC0-301F-11D3-BF4B-00C04F79EFBC}") = "Problem16", "Problem16\Problem16.csproj", "{B4A400F6-8D80-4B44-B1BB-7A12A67306B6}"
EndProject
Project("{FAE04EC0-301F-11D3-BF4B-00C04F79EFBC}") = "Problem17", "Problem17\Problem17.csproj", "{6B05BADE-2A60-4C40-A1E9-1EA630542949}"
EndProject
Project("{FAE04EC0-301F-11D3-BF4B-00C04F79EFBC}") = "Problem18", "Problem18\Problem18.csproj", "{B268B961-94CB-4F36-B505-59778B56FC6B}"
EndProject
Project("{FAE04EC0-301F-11D3-BF4B-00C04F79EFBC}") = "Problem67", "Problem67\Problem67.csproj", "{08A2A7C3-8CF5-4F88-BEE0-3EA1F0D34CD2}"
EndProject
Project("{FAE04EC0-301F-11D3-BF4B-00C04F79EFBC}") = "Problem19", "Problem19\Problem19.csproj", "{229D506A-555F-4CAD-A079-EE5A7BADF1AE}"
EndProject
Project("{FAE04EC0-301F-11D3-BF4B-00C04F79EFBC}") = "Problem20", "Problem20\Problem20.csproj", "{BF5A0FCE-BF42-49B4-9062-E6BA29F42FBD}"
EndProject
Project("{FAE04EC0-301F-11D3-BF4B-00C04F79EFBC}") = "Problem21", "Problem21\Problem21.csproj", "{27E6426E-A227-4B7C-8FF0-7BB5450A212C}"
EndProject
Project("{FAE04EC0-301F-11D3-BF4B-00C04F79EFBC}") = "Problem22", "Problem22\Problem22.csproj", "{EFE8CDB7-27B9-48C8-95A8-B36B96C79D54}"
EndProject
Project("{FAE04EC0-301F-11D3-BF4B-00C04F79EFBC}") = "Problem23", "Problem23\Problem23.csproj", "{69D7904B-6620-4DA4-A8DF-3D93F04B5110}"
EndProject
Project("{FAE04EC0-301F-11D3-BF4B-00C04F79EFBC}") = "Problem24", "Problem24\Problem24.csproj", "{CE24E077-D018-4C5F-906C-50D810C02347}"
EndProject
Global
	GlobalSection(SolutionConfigurationPlatforms) = preSolution
		Debug|Any CPU = Debug|Any CPU
		Release|Any CPU = Release|Any CPU
	EndGlobalSection
	GlobalSection(ProjectConfigurationPlatforms) = postSolution
		{0AB28A6C-41E5-482A-982E-0C37FE9DF90E}.Debug|Any CPU.ActiveCfg = Debug|Any CPU
		{0AB28A6C-41E5-482A-982E-0C37FE9DF90E}.Debug|Any CPU.Build.0 = Debug|Any CPU
		{0AB28A6C-41E5-482A-982E-0C37FE9DF90E}.Release|Any CPU.ActiveCfg = Release|Any CPU
		{0AB28A6C-41E5-482A-982E-0C37FE9DF90E}.Release|Any CPU.Build.0 = Release|Any CPU
		{D08F64B7-6F43-4B41-B48E-6880BEDF115A}.Debug|Any CPU.ActiveCfg = Debug|Any CPU
		{D08F64B7-6F43-4B41-B48E-6880BEDF115A}.Debug|Any CPU.Build.0 = Debug|Any CPU
		{D08F64B7-6F43-4B41-B48E-6880BEDF115A}.Release|Any CPU.ActiveCfg = Release|Any CPU
		{D08F64B7-6F43-4B41-B48E-6880BEDF115A}.Release|Any CPU.Build.0 = Release|Any CPU
		{99AC85ED-7308-46C1-9D3F-6CAE070865FA}.Debug|Any CPU.ActiveCfg = Debug|Any CPU
		{99AC85ED-7308-46C1-9D3F-6CAE070865FA}.Debug|Any CPU.Build.0 = Debug|Any CPU
		{99AC85ED-7308-46C1-9D3F-6CAE070865FA}.Release|Any CPU.ActiveCfg = Release|Any CPU
		{99AC85ED-7308-46C1-9D3F-6CAE070865FA}.Release|Any CPU.Build.0 = Release|Any CPU
		{CEEBCD8C-402F-4829-987B-C54BF0E78AE1}.Debug|Any CPU.ActiveCfg = Debug|Any CPU
		{CEEBCD8C-402F-4829-987B-C54BF0E78AE1}.Debug|Any CPU.Build.0 = Debug|Any CPU
		{CEEBCD8C-402F-4829-987B-C54BF0E78AE1}.Release|Any CPU.ActiveCfg = Release|Any CPU
		{CEEBCD8C-402F-4829-987B-C54BF0E78AE1}.Release|Any CPU.Build.0 = Release|Any CPU
		{3F57A554-4B33-4E42-B719-7048DA5EE2CC}.Debug|Any CPU.ActiveCfg = Debug|Any CPU
		{3F57A554-4B33-4E42-B719-7048DA5EE2CC}.Debug|Any CPU.Build.0 = Debug|Any CPU
		{3F57A554-4B33-4E42-B719-7048DA5EE2CC}.Release|Any CPU.ActiveCfg = Release|Any CPU
		{3F57A554-4B33-4E42-B719-7048DA5EE2CC}.Release|Any CPU.Build.0 = Release|Any CPU
		{80B2517C-2050-4E97-A395-DF8F750B8BCE}.Debug|Any CPU.ActiveCfg = Debug|Any CPU
		{80B2517C-2050-4E97-A395-DF8F750B8BCE}.Debug|Any CPU.Build.0 = Debug|Any CPU
		{80B2517C-2050-4E97-A395-DF8F750B8BCE}.Release|Any CPU.ActiveCfg = Release|Any CPU
		{80B2517C-2050-4E97-A395-DF8F750B8BCE}.Release|Any CPU.Build.0 = Release|Any CPU
		{DAE821D1-42F6-42C9-A8DC-18FE2CCE938B}.Debug|Any CPU.ActiveCfg = Debug|Any CPU
		{DAE821D1-42F6-42C9-A8DC-18FE2CCE938B}.Debug|Any CPU.Build.0 = Debug|Any CPU
		{DAE821D1-42F6-42C9-A8DC-18FE2CCE938B}.Release|Any CPU.ActiveCfg = Release|Any CPU
		{DAE821D1-42F6-42C9-A8DC-18FE2CCE938B}.Release|Any CPU.Build.0 = Release|Any CPU
		{B4A400F6-8D80-4B44-B1BB-7A12A67306B6}.Debug|Any CPU.ActiveCfg = Debug|Any CPU
		{B4A400F6-8D80-4B44-B1BB-7A12A67306B6}.Debug|Any CPU.Build.0 = Debug|Any CPU
		{B4A400F6-8D80-4B44-B1BB-7A12A67306B6}.Release|Any CPU.ActiveCfg = Release|Any CPU
		{B4A400F6-8D80-4B44-B1BB-7A12A67306B6}.Release|Any CPU.Build.0 = Release|Any CPU
		{6B05BADE-2A60-4C40-A1E9-1EA630542949}.Debug|Any CPU.ActiveCfg = Debug|Any CPU
		{6B05BADE-2A60-4C40-A1E9-1EA630542949}.Debug|Any CPU.Build.0 = Debug|Any CPU
		{6B05BADE-2A60-4C40-A1E9-1EA630542949}.Release|Any CPU.ActiveCfg = Release|Any CPU
		{6B05BADE-2A60-4C40-A1E9-1EA630542949}.Release|Any CPU.Build.0 = Release|Any CPU
		{B268B961-94CB-4F36-B505-59778B56FC6B}.Debug|Any CPU.ActiveCfg = Debug|Any CPU
		{B268B961-94CB-4F36-B505-59778B56FC6B}.Debug|Any CPU.Build.0 = Debug|Any CPU
		{B268B961-94CB-4F36-B505-59778B56FC6B}.Release|Any CPU.ActiveCfg = Release|Any CPU
		{B268B961-94CB-4F36-B505-59778B56FC6B}.Release|Any CPU.Build.0 = Release|Any CPU
		{08A2A7C3-8CF5-4F88-BEE0-3EA1F0D34CD2}.Debug|Any CPU.ActiveCfg = Debug|Any CPU
		{08A2A7C3-8CF5-4F88-BEE0-3EA1F0D34CD2}.Debug|Any CPU.Build.0 = Debug|Any CPU
		{08A2A7C3-8CF5-4F88-BEE0-3EA1F0D34CD2}.Release|Any CPU.ActiveCfg = Release|Any CPU
		{08A2A7C3-8CF5-4F88-BEE0-3EA1F0D34CD2}.Release|Any CPU.Build.0 = Release|Any CPU
		{229D506A-555F-4CAD-A079-EE5A7BADF1AE}.Debug|Any CPU.ActiveCfg = Debug|Any CPU
		{229D506A-555F-4CAD-A079-EE5A7BADF1AE}.Debug|Any CPU.Build.0 = Debug|Any CPU
		{229D506A-555F-4CAD-A079-EE5A7BADF1AE}.Release|Any CPU.ActiveCfg = Release|Any CPU
		{229D506A-555F-4CAD-A079-EE5A7BADF1AE}.Release|Any CPU.Build.0 = Release|Any CPU
		{BF5A0FCE-BF42-49B4-9062-E6BA29F42FBD}.Debug|Any CPU.ActiveCfg = Debug|Any CPU
		{BF5A0FCE-BF42-49B4-9062-E6BA29F42FBD}.Debug|Any CPU.Build.0 = Debug|Any CPU
		{BF5A0FCE-BF42-49B4-9062-E6BA29F42FBD}.Release|Any CPU.ActiveCfg = Release|Any CPU
		{BF5A0FCE-BF42-49B4-9062-E6BA29F42FBD}.Release|Any CPU.Build.0 = Release|Any CPU
		{27E6426E-A227-4B7C-8FF0-7BB5450A212C}.Debug|Any CPU.ActiveCfg = Debug|Any CPU
		{27E6426E-A227-4B7C-8FF0-7BB5450A212C}.Debug|Any CPU.Build.0 = Debug|Any CPU
		{27E6426E-A227-4B7C-8FF0-7BB5450A212C}.Release|Any CPU.ActiveCfg = Release|Any CPU
		{27E6426E-A227-4B7C-8FF0-7BB5450A212C}.Release|Any CPU.Build.0 = Release|Any CPU
		{EFE8CDB7-27B9-48C8-95A8-B36B96C79D54}.Debug|Any CPU.ActiveCfg = Debug|Any CPU
		{EFE8CDB7-27B9-48C8-95A8-B36B96C79D54}.Debug|Any CPU.Build.0 = Debug|Any CPU
		{EFE8CDB7-27B9-48C8-95A8-B36B96C79D54}.Release|Any CPU.ActiveCfg = Release|Any CPU
		{EFE8CDB7-27B9-48C8-95A8-B36B96C79D54}.Release|Any CPU.Build.0 = Release|Any CPU
		{69D7904B-6620-4DA4-A8DF-3D93F04B5110}.Debug|Any CPU.ActiveCfg = Debug|Any CPU
		{69D7904B-6620-4DA4-A8DF-3D93F04B5110}.Debug|Any CPU.Build.0 = Debug|Any CPU
		{69D7904B-6620-4DA4-A8DF-3D93F04B5110}.Release|Any CPU.ActiveCfg = Release|Any CPU
		{69D7904B-6620-4DA4-A8DF-3D93F04B5110}.Release|Any CPU.Build.0 = Release|Any CPU
		{CE24E077-D018-4C5F-906C-50D810C02347}.Debug|Any CPU.ActiveCfg = Debug|Any CPU
		{CE24E077-D018-4C5F-906C-50D810C02347}.Debug|Any CPU.Build.0 = Debug|Any CPU
		{CE24E077-D018-4C5F-906C-50D810C02347}.Release|Any CPU.ActiveCfg = Release|Any CPU
		{CE24E077-D018-4C5F-906C-50D810C02347}.Release|Any CPU.Build.0 = Release|Any CPU
	EndGlobalSection
	GlobalSection(SolutionProperties) = preSolution
		HideSolutionNode = FALSE
	EndGlobalSection
EndGlobal
